# This file is automatically @generated by Cargo.
# It is not intended for manual editing.
version = 4

[[package]]
name = "cgp"
version = "0.4.0"
source = "git+https://github.com/contextgeneric/cgp.git#759bd220bf52ea5fe6ebfc4490322d63a6085f9f"
dependencies = [
 "cgp-async",
 "cgp-core",
 "cgp-extra",
]

[[package]]
name = "cgp-async"
version = "0.4.0"
source = "git+https://github.com/contextgeneric/cgp.git#759bd220bf52ea5fe6ebfc4490322d63a6085f9f"
dependencies = [
 "cgp-async-macro",
 "cgp-sync",
]

[[package]]
name = "cgp-async-macro"
version = "0.4.0"
source = "git+https://github.com/contextgeneric/cgp.git#759bd220bf52ea5fe6ebfc4490322d63a6085f9f"
dependencies = [
 "proc-macro2",
 "quote",
 "syn",
]

[[package]]
name = "cgp-component"
version = "0.4.0"
source = "git+https://github.com/contextgeneric/cgp.git#759bd220bf52ea5fe6ebfc4490322d63a6085f9f"

[[package]]
name = "cgp-core"
version = "0.4.0"
source = "git+https://github.com/contextgeneric/cgp.git#759bd220bf52ea5fe6ebfc4490322d63a6085f9f"
dependencies = [
 "cgp-async",
 "cgp-component",
 "cgp-error",
 "cgp-field",
 "cgp-macro",
 "cgp-type",
]

[[package]]
name = "cgp-error"
version = "0.4.0"
source = "git+https://github.com/contextgeneric/cgp.git#759bd220bf52ea5fe6ebfc4490322d63a6085f9f"
dependencies = [
 "cgp-async",
 "cgp-component",
 "cgp-macro",
 "cgp-type",
]

[[package]]
name = "cgp-error-extra"
version = "0.4.0"
source = "git+https://github.com/contextgeneric/cgp.git#759bd220bf52ea5fe6ebfc4490322d63a6085f9f"
dependencies = [
 "cgp-core",
]

[[package]]
name = "cgp-example-greet"
version = "0.1.0"
dependencies = [
 "cgp",
]

[[package]]
name = "cgp-extra"
version = "0.4.0"
source = "git+https://github.com/contextgeneric/cgp.git#759bd220bf52ea5fe6ebfc4490322d63a6085f9f"
dependencies = [
 "cgp-error-extra",
 "cgp-inner",
 "cgp-run",
 "cgp-runtime",
]

[[package]]
name = "cgp-field"
version = "0.4.0"
source = "git+https://github.com/contextgeneric/cgp.git#759bd220bf52ea5fe6ebfc4490322d63a6085f9f"
dependencies = [
 "cgp-component",
 "cgp-macro",
 "cgp-type",
]

[[package]]
name = "cgp-inner"
version = "0.4.0"
source = "git+https://github.com/contextgeneric/cgp.git#759bd220bf52ea5fe6ebfc4490322d63a6085f9f"
dependencies = [
 "cgp-component",
 "cgp-macro",
]

[[package]]
name = "cgp-macro"
version = "0.4.0"
source = "git+https://github.com/contextgeneric/cgp.git#759bd220bf52ea5fe6ebfc4490322d63a6085f9f"
dependencies = [
 "cgp-macro-lib",
 "syn",
]

[[package]]
name = "cgp-macro-lib"
version = "0.4.0"
source = "git+https://github.com/contextgeneric/cgp.git#759bd220bf52ea5fe6ebfc4490322d63a6085f9f"
dependencies = [
 "itertools",
 "prettyplease",
 "proc-macro2",
 "quote",
 "syn",
]

[[package]]
name = "cgp-run"
version = "0.4.0"
source = "git+https://github.com/contextgeneric/cgp.git#759bd220bf52ea5fe6ebfc4490322d63a6085f9f"
dependencies = [
 "cgp-async",
 "cgp-component",
 "cgp-error",
 "cgp-macro",
]

[[package]]
name = "cgp-runtime"
version = "0.4.0"
source = "git+https://github.com/contextgeneric/cgp.git#759bd220bf52ea5fe6ebfc4490322d63a6085f9f"
dependencies = [
 "cgp-core",
]

[[package]]
name = "cgp-sync"
version = "0.4.0"
source = "git+https://github.com/contextgeneric/cgp.git#759bd220bf52ea5fe6ebfc4490322d63a6085f9f"
dependencies = [
 "cgp-async-macro",
]

[[package]]
name = "cgp-type"
version = "0.4.0"
source = "git+https://github.com/contextgeneric/cgp.git#759bd220bf52ea5fe6ebfc4490322d63a6085f9f"
dependencies = [
 "cgp-component",
 "cgp-macro",
]

[[package]]
name = "either"
version = "1.13.0"
source = "registry+https://github.com/rust-lang/crates.io-index"
checksum = "60b1af1c220855b6ceac025d3f6ecdd2b7c4894bfe9cd9bda4fbb4bc7c0d4cf0"

[[package]]
name = "itertools"
version = "0.14.0"
source = "registry+https://github.com/rust-lang/crates.io-index"
checksum = "2b192c782037fadd9cfa75548310488aabdbf3d2da73885b31bd0abd03351285"
dependencies = [
 "either",
]

[[package]]
name = "prettyplease"
version = "0.2.29"
source = "registry+https://github.com/rust-lang/crates.io-index"
checksum = "6924ced06e1f7dfe3fa48d57b9f74f55d8915f5036121bef647ef4b204895fac"
dependencies = [
 "proc-macro2",
 "syn",
]

[[package]]
name = "proc-macro2"
version = "1.0.93"
source = "registry+https://github.com/rust-lang/crates.io-index"
checksum = "60946a68e5f9d28b0dc1c21bb8a97ee7d018a8b322fa57838ba31cc878e22d99"
dependencies = [
 "unicode-ident",
]

[[package]]
name = "quote"
version = "1.0.38"
source = "registry+https://github.com/rust-lang/crates.io-index"
checksum = "0e4dccaaaf89514f546c693ddc140f729f958c247918a13380cccc6078391acc"
dependencies = [
 "proc-macro2",
]

[[package]]
name = "syn"
version = "2.0.98"
source = "registry+https://github.com/rust-lang/crates.io-index"
checksum = "36147f1a48ae0ec2b5b3bc5b537d267457555a10dc06f3dbc8cb11ba3006d3b1"
dependencies = [
 "proc-macro2",
 "quote",
 "unicode-ident",
]

[[package]]
name = "unicode-ident"
version = "1.0.16"
source = "registry+https://github.com/rust-lang/crates.io-index"
checksum = "a210d160f08b701c8721ba1c726c11662f877ea6b7094007e1ca9a1041945034"

[[patch.unused]]
name = "cgp-error-anyhow"
version = "0.4.0"
source = "git+https://github.com/contextgeneric/cgp.git#759bd220bf52ea5fe6ebfc4490322d63a6085f9f"
